
Microsoft Visual Studio Solution File, Format Version 12.00
# Visual Studio Version 16
VisualStudioVersion = 16.0.30517.126
MinimumVisualStudioVersion = 10.0.40219.1
Project("{FAE04EC0-301F-11D3-BF4B-00C04F79EFBC}") = "WebServiceHomework", "WebServiceHomework\WebServiceHomework.csproj", "{D6B29879-5EB2-44C3-BD03-9434C1823840}"
EndProject
Global
	GlobalSection(SolutionConfigurationPlatforms) = preSolution
		Debug|Any CPU = Debug|Any CPU
		Release|Any CPU = Release|Any CPU
	EndGlobalSection
	GlobalSection(ProjectConfigurationPlatforms) = postSolution
		{D6B29879-5EB2-44C3-BD03-9434C1823840}.Debug|Any CPU.ActiveCfg = Debug|Any CPU
		{D6B29879-5EB2-44C3-BD03-9434C1823840}.Debug|Any CPU.Build.0 = Debug|Any CPU
		{D6B29879-5EB2-44C3-BD03-9434C1823840}.Release|Any CPU.ActiveCfg = Release|Any CPU
		{D6B29879-5EB2-44C3-BD03-9434C1823840}.Release|Any CPU.Build.0 = Release|Any CPU
	EndGlobalSection
	GlobalSection(SolutionProperties) = preSolution
		HideSolutionNode = FALSE
	EndGlobalSection
	GlobalSection(ExtensibilityGlobals) = postSolution
		SolutionGuid = {7E7F80CC-B7D4-479A-804D-75C1FD17B4ED}
	EndGlobalSection
EndGlobal
